{
  "name": "@ctrip/nfes",
  "version": "1.0.0",
  "lockfileVersion": 2,
  "requires": true,
  "packages": {
    "": {
      "name": "@ctrip/nfes",
      "version": "1.0.0",
      "license": "ISC",
      "dependencies": {
        "polka": "^0.5.2"
      },
      "devDependencies": {
        "@types/node": "^16.7.12"
      }
    },
    "../../node_modules/.pnpm/polka@0.5.2/node_modules/polka": {
      "version": "0.5.2",
      "integrity": "sha512-FVg3vDmCqP80tOrs+OeNlgXYmFppTXdjD5E7I4ET1NjvtNmQrb1/mJibybKkb/d4NA7YWAr1ojxuhpL3FHqdlw==",
      "dependencies": {
        "@polka/url": "^0.5.0",
        "trouter": "^2.0.1"
      }
    },
    "node_modules/@types/node": {
      "version": "16.7.12",
      "resolved": "https://registry.npmjs.org/@types/node/-/node-16.7.12.tgz",
      "integrity": "sha512-IrhrusVM9QJAn1xLFFqbZH+XCI8L6eZoVHjR4sZeGTBBvjQSuchXGgKpown1jP75TCMSndcbudYBDTekOhcIZA==",
      "dev": true
    },
    "node_modules/polka": {
      "resolved": "../../node_modules/.pnpm/polka@0.5.2/node_modules/polka",
      "link": true
    }
  },
  "dependencies": {
    "@types/node": {
      "version": "16.7.12",
      "resolved": "https://registry.npmjs.org/@types/node/-/node-16.7.12.tgz",
      "integrity": "sha512-IrhrusVM9QJAn1xLFFqbZH+XCI8L6eZoVHjR4sZeGTBBvjQSuchXGgKpown1jP75TCMSndcbudYBDTekOhcIZA==",
      "dev": true
    },
    "polka": {
      "version": "file:../../node_modules/.pnpm/polka@0.5.2/node_modules/polka",
      "requires": {
        "@polka/url": "^0.5.0",
        "trouter": "^2.0.1"
      }
    }
  }
}
